
Microsoft Visual Studio Solution File, Format Version 12.00
# Visual Studio Version 16
VisualStudioVersion = 16.0.31019.35
MinimumVisualStudioVersion = 10.0.40219.1
Project("{9A19103F-16F7-4668-BE54-9A1E7A4F7556}") = "OpenLeague.Server", "OpenLeague\Server\OpenLeague.Server.csproj", "{B6F3DC44-AAFF-4D9B-AFE9-544D89DC5569}"
EndProject
Project("{9A19103F-16F7-4668-BE54-9A1E7A4F7556}") = "OpenLeague.Client", "OpenLeague\Client\OpenLeague.Client.csproj", "{EF9A7CEF-0C03-41F2-B483-DD5E437AC9D1}"
EndProject
Project("{9A19103F-16F7-4668-BE54-9A1E7A4F7556}") = "OpenLeague.Shared", "OpenLeague\Shared\OpenLeague.Shared.csproj", "{8517CDFF-62AD-421F-9060-3A8BD9B1DC43}"
EndProject
Project("{2150E333-8FDC-42A3-9474-1A3956D46DE8}") = "Solution Items", "Solution Items", "{F5000223-E88A-429B-8A67-405D03F907D7}"
	ProjectSection(SolutionItems) = preProject
		.gitignore = .gitignore
	EndProjectSection
EndProject
Global
	GlobalSection(SolutionConfigurationPlatforms) = preSolution
		Debug|Any CPU = Debug|Any CPU
		Release|Any CPU = Release|Any CPU
	EndGlobalSection
	GlobalSection(ProjectConfigurationPlatforms) = postSolution
		{B6F3DC44-AAFF-4D9B-AFE9-544D89DC5569}.Debug|Any CPU.ActiveCfg = Debug|Any CPU
		{B6F3DC44-AAFF-4D9B-AFE9-544D89DC5569}.Debug|Any CPU.Build.0 = Debug|Any CPU
		{B6F3DC44-AAFF-4D9B-AFE9-544D89DC5569}.Release|Any CPU.ActiveCfg = Release|Any CPU
		{B6F3DC44-AAFF-4D9B-AFE9-544D89DC5569}.Release|Any CPU.Build.0 = Release|Any CPU
		{EF9A7CEF-0C03-41F2-B483-DD5E437AC9D1}.Debug|Any CPU.ActiveCfg = Debug|Any CPU
		{EF9A7CEF-0C03-41F2-B483-DD5E437AC9D1}.Debug|Any CPU.Build.0 = Debug|Any CPU
		{EF9A7CEF-0C03-41F2-B483-DD5E437AC9D1}.Release|Any CPU.ActiveCfg = Release|Any CPU
		{EF9A7CEF-0C03-41F2-B483-DD5E437AC9D1}.Release|Any CPU.Build.0 = Release|Any CPU
		{8517CDFF-62AD-421F-9060-3A8BD9B1DC43}.Debug|Any CPU.ActiveCfg = Debug|Any CPU
		{8517CDFF-62AD-421F-9060-3A8BD9B1DC43}.Debug|Any CPU.Build.0 = Debug|Any CPU
		{8517CDFF-62AD-421F-9060-3A8BD9B1DC43}.Release|Any CPU.ActiveCfg = Release|Any CPU
		{8517CDFF-62AD-421F-9060-3A8BD9B1DC43}.Release|Any CPU.Build.0 = Release|Any CPU
	EndGlobalSection
	GlobalSection(SolutionProperties) = preSolution
		HideSolutionNode = FALSE
	EndGlobalSection
	GlobalSection(ExtensibilityGlobals) = postSolution
		SolutionGuid = {4ADC1FF1-C2E1-4F3C-967D-5639C43D92BE}
	EndGlobalSection
EndGlobal
